{
  "name": "jiggmin-midnight-den",
  "lockfileVersion": 3,
  "requires": true,
  "packages": {
    "": {
      "name": "jiggmin-midnight-den",
      "dependencies": {
        "@ruffle-rs/ruffle": "0.6.0",
        "cannon-es": "0.20.0",
        "three": "0.186.1"
      }
    },
    "node_modules/@ruffle-rs/ruffle": {
      "version": "0.6.0",
      "resolved": "https://registry.npmjs.org/@ruffle-rs/ruffle/-/ruffle-0.6.0.tgz",
      "integrity": "sha512-P2X1zDENBoiLt2ZjPcsUzaDxoR7fVF2e1U/bi7hbIAQEjkykxljSoG8AgbywHvlVVzL9Y5tIZMRqDwIm31jgPA==",
      "license": "(MIT OR Apache-2.0)"
    },
    "node_modules/cannon-es": {
      "version": "0.20.0",
      "resolved": "https://registry.npmjs.org/cannon-es/-/cannon-es-0.20.0.tgz",
      "integrity": "sha512-eZhWTZIkFOnMAJOgfXJa9+b3kVlvG+FX4mdkpePev/w/rP5V8NRquGyEozcjPfEoXUlb+p7d9SUcmDSn14prOA==",
      "license": "MIT"
    },
    "node_modules/three": {
      "version": "0.186.1",
      "resolved": "https://registry.npmjs.org/three/-/three-0.186.1.tgz",
      "integrity": "sha512-blFeqb49wRCSGUGj7gtpfnSGHy2lwDk94RhUmS1c/hTby70kvChbWpkJ4Pm1390LqzzvTmzgXKHPEafJwCb8jA==",
      "license": "MIT"
    }
  }
}
